
Microsoft Visual Studio Solution File, Format Version 12.00
# Visual Studio Version 16
VisualStudioVersion = 16.0.31205.134
MinimumVisualStudioVersion = 10.0.40219.1
Project("{FAE04EC0-301F-11D3-BF4B-00C04F79EFBC}") = "ByteBank", "ByteBank\ByteBank.csproj", "{99051260-A678-42F1-8BC1-7CEDB8FB5519}"
EndProject
Global
	GlobalSection(SolutionConfigurationPlatforms) = preSolution
		Debug|Any CPU = Debug|Any CPU
		Release|Any CPU = Release|Any CPU
	EndGlobalSection
	GlobalSection(ProjectConfigurationPlatforms) = postSolution
		{99051260-A678-42F1-8BC1-7CEDB8FB5519}.Debug|Any CPU.ActiveCfg = Debug|Any CPU
		{99051260-A678-42F1-8BC1-7CEDB8FB5519}.Debug|Any CPU.Build.0 = Debug|Any CPU
		{99051260-A678-42F1-8BC1-7CEDB8FB5519}.Release|Any CPU.ActiveCfg = Release|Any CPU
		{99051260-A678-42F1-8BC1-7CEDB8FB5519}.Release|Any CPU.Build.0 = Release|Any CPU
	EndGlobalSection
	GlobalSection(SolutionProperties) = preSolution
		HideSolutionNode = FALSE
	EndGlobalSection
	GlobalSection(ExtensibilityGlobals) = postSolution
		SolutionGuid = {F0DBE0E5-B9FC-46F8-ACC6-069F917E785C}
	EndGlobalSection
EndGlobal
